
Microsoft Visual Studio Solution File, Format Version 12.00
# Visual Studio Version 17
VisualStudioVersion = 17.0.31903.59
MinimumVisualStudioVersion = 10.0.40219.1
Project("{2150E333-8FDC-42A3-9474-1A3956D46DE8}") = "src", "src", "{827E0CD3-B72D-47B6-A68D-7590B98EB39B}"
EndProject
Project("{FAE04EC0-301F-11D3-BF4B-00C04F79EFBC}") = "ExpenseTrackerV2.Worker", "src\ExpenseTrackerV2.Worker\ExpenseTrackerV2.Worker.csproj", "{F01FF39B-ECB3-49A9-A895-B04A2B8180BF}"
EndProject
Project("{FAE04EC0-301F-11D3-BF4B-00C04F79EFBC}") = "ExpenseTrackerV2.Core", "src\ExpenseTrackerV2.Core\ExpenseTrackerV2.Core.csproj", "{6F437DC1-26C0-4410-ABD6-D7FCB99B4497}"
EndProject
Project("{FAE04EC0-301F-11D3-BF4B-00C04F79EFBC}") = "ExpenseTrackerV2.Application", "src\ExpenseTrackerV2.Application\ExpenseTrackerV2.Application.csproj", "{425231A4-7439-44DE-9623-7808506322CB}"
EndProject
Project("{FAE04EC0-301F-11D3-BF4B-00C04F79EFBC}") = "ExpenseTrackerV2.Infrastructure", "src\ExpenseTrackerV2.Infrastructure\ExpenseTrackerV2.Infrastructure.csproj", "{71FCB850-4273-4204-BF9A-57D3E14B80DF}"
EndProject
Project("{E53339B2-1760-4266-BCC7-CA923CBCF16C}") = "docker-compose", "docker-compose.dcproj", "{81DDED9D-158B-E303-5F62-77A2896D2A5A}"
EndProject
Project("{FAE04EC0-301F-11D3-BF4B-00C04F79EFBC}") = "ExpenseTrackerV2.WebApi", "src\ExpenseTrackerV2.WebApi\ExpenseTrackerV2.WebApi.csproj", "{24F1E5C9-9A2A-4FAB-A900-517BD2A2C4A3}"
EndProject
Global
	GlobalSection(SolutionConfigurationPlatforms) = preSolution
		Debug|Any CPU = Debug|Any CPU
		Debug|x64 = Debug|x64
		Debug|x86 = Debug|x86
		Release|Any CPU = Release|Any CPU
		Release|x64 = Release|x64
		Release|x86 = Release|x86
	EndGlobalSection
	GlobalSection(ProjectConfigurationPlatforms) = postSolution
		{F01FF39B-ECB3-49A9-A895-B04A2B8180BF}.Debug|Any CPU.ActiveCfg = Debug|Any CPU
		{F01FF39B-ECB3-49A9-A895-B04A2B8180BF}.Debug|Any CPU.Build.0 = Debug|Any CPU
		{F01FF39B-ECB3-49A9-A895-B04A2B8180BF}.Debug|x64.ActiveCfg = Debug|Any CPU
		{F01FF39B-ECB3-49A9-A895-B04A2B8180BF}.Debug|x64.Build.0 = Debug|Any CPU
		{F01FF39B-ECB3-49A9-A895-B04A2B8180BF}.Debug|x86.ActiveCfg = Debug|Any CPU
		{F01FF39B-ECB3-49A9-A895-B04A2B8180BF}.Debug|x86.Build.0 = Debug|Any CPU
		{F01FF39B-ECB3-49A9-A895-B04A2B8180BF}.Release|Any CPU.ActiveCfg = Release|Any CPU
		{F01FF39B-ECB3-49A9-A895-B04A2B8180BF}.Release|Any CPU.Build.0 = Release|Any CPU
		{F01FF39B-ECB3-49A9-A895-B04A2B8180BF}.Release|x64.ActiveCfg = Release|Any CPU
		{F01FF39B-ECB3-49A9-A895-B04A2B8180BF}.Release|x64.Build.0 = Release|Any CPU
		{F01FF39B-ECB3-49A9-A895-B04A2B8180BF}.Release|x86.ActiveCfg = Release|Any CPU
		{F01FF39B-ECB3-49A9-A895-B04A2B8180BF}.Release|x86.Build.0 = Release|Any CPU
		{6F437DC1-26C0-4410-ABD6-D7FCB99B4497}.Debug|Any CPU.ActiveCfg = Debug|Any CPU
		{6F437DC1-26C0-4410-ABD6-D7FCB99B4497}.Debug|Any CPU.Build.0 = Debug|Any CPU
		{6F437DC1-26C0-4410-ABD6-D7FCB99B4497}.Debug|x64.ActiveCfg = Debug|Any CPU
		{6F437DC1-26C0-4410-ABD6-D7FCB99B4497}.Debug|x64.Build.0 = Debug|Any CPU
		{6F437DC1-26C0-4410-ABD6-D7FCB99B4497}.Debug|x86.ActiveCfg = Debug|Any CPU
		{6F437DC1-26C0-4410-ABD6-D7FCB99B4497}.Debug|x86.Build.0 = Debug|Any CPU
		{6F437DC1-26C0-4410-ABD6-D7FCB99B4497}.Release|Any CPU.ActiveCfg = Release|Any CPU
		{6F437DC1-26C0-4410-ABD6-D7FCB99B4497}.Release|Any CPU.Build.0 = Release|Any CPU
		{6F437DC1-26C0-4410-ABD6-D7FCB99B4497}.Release|x64.ActiveCfg = Release|Any CPU
		{6F437DC1-26C0-4410-ABD6-D7FCB99B4497}.Release|x64.Build.0 = Release|Any CPU
		{6F437DC1-26C0-4410-ABD6-D7FCB99B4497}.Release|x86.ActiveCfg = Release|Any CPU
		{6F437DC1-26C0-4410-ABD6-D7FCB99B4497}.Release|x86.Build.0 = Release|Any CPU
		{425231A4-7439-44DE-9623-7808506322CB}.Debug|Any CPU.ActiveCfg = Debug|Any CPU
		{425231A4-7439-44DE-9623-7808506322CB}.Debug|Any CPU.Build.0 = Debug|Any CPU
		{425231A4-7439-44DE-9623-7808506322CB}.Debug|x64.ActiveCfg = Debug|Any CPU
		{425231A4-7439-44DE-9623-7808506322CB}.Debug|x64.Build.0 = Debug|Any CPU
		{425231A4-7439-44DE-9623-7808506322CB}.Debug|x86.ActiveCfg = Debug|Any CPU
		{425231A4-7439-44DE-9623-7808506322CB}.Debug|x86.Build.0 = Debug|Any CPU
		{425231A4-7439-44DE-9623-7808506322CB}.Release|Any CPU.ActiveCfg = Release|Any CPU
		{425231A4-7439-44DE-9623-7808506322CB}.Release|Any CPU.Build.0 = Release|Any CPU
		{425231A4-7439-44DE-9623-7808506322CB}.Release|x64.ActiveCfg = Release|Any CPU
		{425231A4-7439-44DE-9623-7808506322CB}.Release|x64.Build.0 = Release|Any CPU
		{425231A4-7439-44DE-9623-7808506322CB}.Release|x86.ActiveCfg = Release|Any CPU
		{425231A4-7439-44DE-9623-7808506322CB}.Release|x86.Build.0 = Release|Any CPU
		{71FCB850-4273-4204-BF9A-57D3E14B80DF}.Debug|Any CPU.ActiveCfg = Debug|Any CPU
		{71FCB850-4273-4204-BF9A-57D3E14B80DF}.Debug|Any CPU.Build.0 = Debug|Any CPU
		{71FCB850-4273-4204-BF9A-57D3E14B80DF}.Debug|x64.ActiveCfg = Debug|Any CPU
		{71FCB850-4273-4204-BF9A-57D3E14B80DF}.Debug|x64.Build.0 = Debug|Any CPU
		{71FCB850-4273-4204-BF9A-57D3E14B80DF}.Debug|x86.ActiveCfg = Debug|Any CPU
		{71FCB850-4273-4204-BF9A-57D3E14B80DF}.Debug|x86.Build.0 = Debug|Any CPU
		{71FCB850-4273-4204-BF9A-57D3E14B80DF}.Release|Any CPU.ActiveCfg = Release|Any CPU
		{71FCB850-4273-4204-BF9A-57D3E14B80DF}.Release|Any CPU.Build.0 = Release|Any CPU
		{71FCB850-4273-4204-BF9A-57D3E14B80DF}.Release|x64.ActiveCfg = Release|Any CPU
		{71FCB850-4273-4204-BF9A-57D3E14B80DF}.Release|x64.Build.0 = Release|Any CPU
		{71FCB850-4273-4204-BF9A-57D3E14B80DF}.Release|x86.ActiveCfg = Release|Any CPU
		{71FCB850-4273-4204-BF9A-57D3E14B80DF}.Release|x86.Build.0 = Release|Any CPU
		{81DDED9D-158B-E303-5F62-77A2896D2A5A}.Debug|Any CPU.ActiveCfg = Debug|Any CPU
		{81DDED9D-158B-E303-5F62-77A2896D2A5A}.Debug|Any CPU.Build.0 = Debug|Any CPU
		{81DDED9D-158B-E303-5F62-77A2896D2A5A}.Debug|x64.ActiveCfg = Debug|Any CPU
		{81DDED9D-158B-E303-5F62-77A2896D2A5A}.Debug|x64.Build.0 = Debug|Any CPU
		{81DDED9D-158B-E303-5F62-77A2896D2A5A}.Debug|x86.ActiveCfg = Debug|Any CPU
		{81DDED9D-158B-E303-5F62-77A2896D2A5A}.Debug|x86.Build.0 = Debug|Any CPU
		{81DDED9D-158B-E303-5F62-77A2896D2A5A}.Release|Any CPU.ActiveCfg = Release|Any CPU
		{81DDED9D-158B-E303-5F62-77A2896D2A5A}.Release|Any CPU.Build.0 = Release|Any CPU
		{81DDED9D-158B-E303-5F62-77A2896D2A5A}.Release|x64.ActiveCfg = Release|Any CPU
		{81DDED9D-158B-E303-5F62-77A2896D2A5A}.Release|x64.Build.0 = Release|Any CPU
		{81DDED9D-158B-E303-5F62-77A2896D2A5A}.Release|x86.ActiveCfg = Release|Any CPU
		{81DDED9D-158B-E303-5F62-77A2896D2A5A}.Release|x86.Build.0 = Release|Any CPU
		{24F1E5C9-9A2A-4FAB-A900-517BD2A2C4A3}.Debug|Any CPU.ActiveCfg = Debug|Any CPU
		{24F1E5C9-9A2A-4FAB-A900-517BD2A2C4A3}.Debug|Any CPU.Build.0 = Debug|Any CPU
		{24F1E5C9-9A2A-4FAB-A900-517BD2A2C4A3}.Debug|x64.ActiveCfg = Debug|Any CPU
		{24F1E5C9-9A2A-4FAB-A900-517BD2A2C4A3}.Debug|x64.Build.0 = Debug|Any CPU
		{24F1E5C9-9A2A-4FAB-A900-517BD2A2C4A3}.Debug|x86.ActiveCfg = Debug|Any CPU
		{24F1E5C9-9A2A-4FAB-A900-517BD2A2C4A3}.Debug|x86.Build.0 = Debug|Any CPU
		{24F1E5C9-9A2A-4FAB-A900-517BD2A2C4A3}.Release|Any CPU.ActiveCfg = Release|Any CPU
		{24F1E5C9-9A2A-4FAB-A900-517BD2A2C4A3}.Release|Any CPU.Build.0 = Release|Any CPU
		{24F1E5C9-9A2A-4FAB-A900-517BD2A2C4A3}.Release|x64.ActiveCfg = Release|Any CPU
		{24F1E5C9-9A2A-4FAB-A900-517BD2A2C4A3}.Release|x64.Build.0 = Release|Any CPU
		{24F1E5C9-9A2A-4FAB-A900-517BD2A2C4A3}.Release|x86.ActiveCfg = Release|Any CPU
		{24F1E5C9-9A2A-4FAB-A900-517BD2A2C4A3}.Release|x86.Build.0 = Release|Any CPU
	EndGlobalSection
	GlobalSection(SolutionProperties) = preSolution
		HideSolutionNode = FALSE
	EndGlobalSection
	GlobalSection(NestedProjects) = preSolution
		{F01FF39B-ECB3-49A9-A895-B04A2B8180BF} = {827E0CD3-B72D-47B6-A68D-7590B98EB39B}
		{6F437DC1-26C0-4410-ABD6-D7FCB99B4497} = {827E0CD3-B72D-47B6-A68D-7590B98EB39B}
		{425231A4-7439-44DE-9623-7808506322CB} = {827E0CD3-B72D-47B6-A68D-7590B98EB39B}
		{71FCB850-4273-4204-BF9A-57D3E14B80DF} = {827E0CD3-B72D-47B6-A68D-7590B98EB39B}
		{24F1E5C9-9A2A-4FAB-A900-517BD2A2C4A3} = {827E0CD3-B72D-47B6-A68D-7590B98EB39B}
	EndGlobalSection
	GlobalSection(ExtensibilityGlobals) = postSolution
		SolutionGuid = {447E5CDA-A49D-4BEA-89B8-630F45A3EBC4}
	EndGlobalSection
EndGlobal
